
Microsoft Visual Studio Solution File, Format Version 12.00
# Visual Studio Version 16
VisualStudioVersion = 16.0.35130.168
MinimumVisualStudioVersion = 10.0.40219.1
Project("{FAE04EC0-301F-11D3-BF4B-00C04F79EFBC}") = "homework1", "homework1\homework1.csproj", "{CDF1B66F-450A-4CAA-A93A-4F54FAAE985B}"
EndProject
Global
	GlobalSection(SolutionConfigurationPlatforms) = preSolution
		Debug|Any CPU = Debug|Any CPU
		Release|Any CPU = Release|Any CPU
	EndGlobalSection
	GlobalSection(ProjectConfigurationPlatforms) = postSolution
		{CDF1B66F-450A-4CAA-A93A-4F54FAAE985B}.Debug|Any CPU.ActiveCfg = Debug|Any CPU
		{CDF1B66F-450A-4CAA-A93A-4F54FAAE985B}.Debug|Any CPU.Build.0 = Debug|Any CPU
		{CDF1B66F-450A-4CAA-A93A-4F54FAAE985B}.Release|Any CPU.ActiveCfg = Release|Any CPU
		{CDF1B66F-450A-4CAA-A93A-4F54FAAE985B}.Release|Any CPU.Build.0 = Release|Any CPU
	EndGlobalSection
	GlobalSection(SolutionProperties) = preSolution
		HideSolutionNode = FALSE
	EndGlobalSection
	GlobalSection(ExtensibilityGlobals) = postSolution
		SolutionGuid = {36CA1B87-0059-4884-9C1F-03B03DEC12A3}
	EndGlobalSection
EndGlobal
