
Microsoft Visual Studio Solution File, Format Version 12.00
# Visual Studio Version 16
VisualStudioVersion = 16.0.35130.168
MinimumVisualStudioVersion = 10.0.40219.1
Project("{FAE04EC0-301F-11D3-BF4B-00C04F79EFBC}") = "homework2", "homework2\homework2.csproj", "{7374530B-916D-4FF6-AD1A-86D19AE3D77D}"
EndProject
Global
	GlobalSection(SolutionConfigurationPlatforms) = preSolution
		Debug|Any CPU = Debug|Any CPU
		Release|Any CPU = Release|Any CPU
	EndGlobalSection
	GlobalSection(ProjectConfigurationPlatforms) = postSolution
		{7374530B-916D-4FF6-AD1A-86D19AE3D77D}.Debug|Any CPU.ActiveCfg = Debug|Any CPU
		{7374530B-916D-4FF6-AD1A-86D19AE3D77D}.Debug|Any CPU.Build.0 = Debug|Any CPU
		{7374530B-916D-4FF6-AD1A-86D19AE3D77D}.Release|Any CPU.ActiveCfg = Release|Any CPU
		{7374530B-916D-4FF6-AD1A-86D19AE3D77D}.Release|Any CPU.Build.0 = Release|Any CPU
	EndGlobalSection
	GlobalSection(SolutionProperties) = preSolution
		HideSolutionNode = FALSE
	EndGlobalSection
	GlobalSection(ExtensibilityGlobals) = postSolution
		SolutionGuid = {B7BB6092-FE4C-486E-A411-A9EF63C251FB}
	EndGlobalSection
EndGlobal
